
Microsoft Visual Studio Solution File, Format Version 12.00
# Visual Studio 2012
Project("{FAE04EC0-301F-11D3-BF4B-00C04F79EFBC}") = "DemoSite", "DemoSite\DemoSite.csproj", "{B9E2540A-A8BD-4C60-9BA5-A74FD24976EB}"
EndProject
Global
	GlobalSection(SolutionConfigurationPlatforms) = preSolution
		Debug|Any CPU = Debug|Any CPU
		Release|Any CPU = Release|Any CPU
	EndGlobalSection
	GlobalSection(ProjectConfigurationPlatforms) = postSolution
		{B9E2540A-A8BD-4C60-9BA5-A74FD24976EB}.Debug|Any CPU.ActiveCfg = Debug|Any CPU
		{B9E2540A-A8BD-4C60-9BA5-A74FD24976EB}.Debug|Any CPU.Build.0 = Debug|Any CPU
		{B9E2540A-A8BD-4C60-9BA5-A74FD24976EB}.Release|Any CPU.ActiveCfg = Release|Any CPU
		{B9E2540A-A8BD-4C60-9BA5-A74FD24976EB}.Release|Any CPU.Build.0 = Release|Any CPU
	EndGlobalSection
	GlobalSection(SolutionProperties) = preSolution
		HideSolutionNode = FALSE
	EndGlobalSection
EndGlobal
